SITE
  remote: http://community.opscode.com/api/v1
  specs:
    apache2 (1.1.8)
    apt (1.4.2)
    aws (0.99.1)
    build-essential (1.0.0)
    chef_handler (1.0.6)
    database (1.2.0)
      aws (>= 0.0.0)
      mysql (>= 1.2.0)
      postgresql (>= 0.0.0)
      xfs (>= 0.0.0)
    git (0.10.0)
      runit (>= 0.0.0)
      yum (>= 0.0.0)
    imagemagick (0.2.2)
    iptables (0.10.0)
    openssl (1.0.0)
    php (1.0.2)
      build-essential (>= 0.0.0)
      mysql (>= 0.0.0)
      xml (>= 0.0.0)
    postgresql (0.99.4)
      openssl (>= 0.0.0)
    runit (0.15.0)
    selinux (0.5.2)
    subversion (1.0.0)
      apache2 (>= 0.0.0)
      windows (>= 0.0.0)
    vim (1.0.2)
    windows (1.2.12)
      chef_handler (>= 0.0.0)
    xfs (1.0.0)
    xml (1.0.2)
    yum (0.5.2)

GIT
  remote: git://github.com/xforty/chef-drupal.git
  ref: master
  sha: 87d238ce1b3805bfe0aec47bec94f8a197c39f0a
  specs:
    drupal (0.0.1)
      apache2 (>= 0.0.0)
      drush (>= 0.0.0)
      imagemagick (>= 0.0.0)
      iptables (>= 0.0.0)
      mysql (>= 0.0.0)
      php (>= 0.0.0)
      php_module (>= 0.0.0)
      php_pear (>= 0.0.0)

GIT
  remote: git://github.com/xforty/chef-drush.git
  ref: master
  sha: d0ccff212be6390f267c719f70dba009d6f0f3f7
  specs:
    drush (0.9.2)
      git (>= 0.0.0)
      php (>= 0.0.0)
      subversion (>= 0.0.0)

GIT
  remote: git://github.com/xforty/chef-initdb.git
  ref: master
  sha: 7cf0289a5a78ef3fc36d3cebebd68b1c27254480
  specs:
    initdb (0.0.1)
      database (>= 0.0.0)

GIT
  remote: git://github.com/xforty/chef-mysql.git
  ref: xforty
  sha: 0fb3d78a27996072497c69427960f0c61ec61ae5
  specs:
    mysql (1.2.4)
      openssl (>= 0.0.0)
      windows (>= 0.0.0)

GIT
  remote: git://github.com/xforty/chef-php_module.git
  ref: master
  sha: 5836d3292ebc58b37026282ade0336aed8ba178a
  specs:
    php_module (0.0.1)
      php (>= 0.0.0)

GIT
  remote: git://github.com/xforty/chef-php_pear.git
  ref: master
  sha: fd509ef389f4a4f390189c8de8a04e63ac7f6c7d
  specs:
    php_pear (0.0.1)
      php (>= 0.0.0)

GIT
  remote: git://github.com/xforty/chef-rpmforge.git
  ref: 0.1.0
  sha: 11824dd7c0ba1ece39bfd93c6d694cff007e17e6
  specs:
    rpmforge (0.1.0)

GIT
  remote: git://github.com/xforty/chef-squid.git
  ref: master
  sha: 446a441ae9d060a0e2403bdbaf8b220f9f5337be
  specs:
    squid (0.0.1)

GIT
  remote: git://github.com/xforty/chef-xforty.git
  ref: master
  sha: c1ccf6724512b1332e1af965db21029bf658357c
  specs:
    xforty (0.0.1)
      apt (>= 0.0.0)
      rpmforge (>= 0.0.0)
      selinux (>= 0.0.0)
      vim (>= 0.0.0)

DEPENDENCIES
  drupal (>= 0)
  drush (>= 0)
  initdb (>= 0)
  mysql (>= 0)
  php_module (>= 0)
  php_pear (>= 0)
  rpmforge (>= 0)
  squid (>= 0)
  xforty (>= 0)

