SITE
  remote: http://community.opscode.com/api/v1
  specs:
    apache2 (1.1.12)
    apt (1.4.4)
    aws (0.100.0)
    build-essential (1.1.0)
    chef_handler (1.0.6)
    database (1.2.0)
      aws (>= 0.0.0)
      mysql (>= 1.2.0)
      postgresql (>= 0.0.0)
      xfs (>= 0.0.0)
    dmg (1.0.0)
    git (1.0.0)
      dmg (>= 0.0.0)
      runit (>= 0.0.0)
      yum (>= 0.0.0)
    imagemagick (0.2.2)
    iptables (0.10.0)
    openssl (1.0.0)
    php (1.0.2)
      build-essential (>= 0.0.0)
      mysql (>= 0.0.0)
      xml (>= 0.0.0)
    postgresql (0.99.4)
      openssl (>= 0.0.0)
    runit (0.15.0)
    selinux (0.5.2)
    subversion (1.0.0)
      apache2 (>= 0.0.0)
      windows (>= 0.0.0)
    vim (1.0.2)
    windows (1.3.2)
      chef_handler (>= 0.0.0)
    xfs (1.0.0)
    xml (1.0.4)
    yum (0.8.0)

GIT
  remote: git://github.com/xforty/chef-drupal.git
  ref: 1.1.0
  sha: 98e27ad698bb27888dea599e062cbce30467bd22
  specs:
    drupal (1.1.0)
      apache2 (>= 0.0.0)
      imagemagick (>= 0.0.0)
      iptables (>= 0.0.0)
      mysql (>= 0.0.0)
      php (>= 0.0.0)
      php_module (>= 0.0.0)
      php_pear (>= 0.0.0)
      xforty (>= 0.0.0)

GIT
  remote: git://github.com/xforty/chef-drush.git
  ref: develop
  sha: 02c625619c98f517e61f84970fb26a30cff5682e
  specs:
    drush (0.10.0)
      php (>= 0.0.0)

GIT
  remote: git://github.com/xforty/chef-initdb.git
  ref: 1.0.0
  sha: 96914c08904fc345279864ad087c21f00108bce1
  specs:
    initdb (1.0.0)
      database (>= 0.0.0)

GIT
  remote: git://github.com/xforty/chef-mysql.git
  ref: xforty
  sha: 0fb3d78a27996072497c69427960f0c61ec61ae5
  specs:
    mysql (1.2.4)
      openssl (>= 0.0.0)
      windows (>= 0.0.0)

GIT
  remote: git://github.com/xforty/chef-php_module.git
  ref: 1.0.0
  sha: f96bd2835a5ac21a933f5ea05a6716a9f79cc68d
  specs:
    php_module (1.0.0)
      php (>= 0.0.0)

GIT
  remote: git://github.com/xforty/chef-php_pear.git
  ref: 1.0.0
  sha: f7c1e8b85bf761f7e15442651ac35c440c6c0ad5
  specs:
    php_pear (1.0.0)
      php (>= 0.0.0)

GIT
  remote: git://github.com/xforty/chef-rpmforge.git
  ref: 1.0.0
  sha: c5f19c432af80e74242cbd4792597db0f2d40abc
  specs:
    rpmforge (1.0.0)

GIT
  remote: git://github.com/xforty/chef-squid.git
  ref: 1.0.0
  sha: ecbfa1c7d6bf8e8569999aa77d9ac129d5dc993d
  specs:
    squid (1.0.0)

GIT
  remote: git://github.com/xforty/chef-xforty.git
  ref: 1.1.0
  sha: 2492385b57ab4fa2d2d45f3e2f0a966f6838ba20
  specs:
    xforty (1.1.0)
      apt (>= 0.0.0)
      drush (>= 0.0.0)
      git (>= 0.0.0)
      rpmforge (>= 0.0.0)
      selinux (>= 0.0.0)
      subversion (>= 0.0.0)
      vim (>= 0.0.0)

DEPENDENCIES
  drupal (>= 0)
  drush (>= 0)
  initdb (>= 0)
  mysql (>= 0)
  php_module (>= 0)
  php_pear (>= 0)
  rpmforge (>= 0)
  squid (>= 0)
  xforty (>= 0)

